Microsoft Visual Studio Solution File, Format Version 12.00
# Visual Studio 2012
Project("{FAE04EC0-301F-11D3-BF4B-00C04F79EFBC}") = "EventManager.Desktop", "EventManager.Desktop.csproj", "{C0C8A68E-48FC-4978-8886-7B48BEED051B}"
EndProject
Global
	GlobalSection(SolutionConfigurationPlatforms) = preSolution
	Debug|Any CPU = Debug|Any CPU
	ExportDebug|Any CPU = ExportDebug|Any CPU
	ExportRelease|Any CPU = ExportRelease|Any CPU
	EndGlobalSection
	GlobalSection(ProjectConfigurationPlatforms) = postSolution
		{C0C8A68E-48FC-4978-8886-7B48BEED051B}.Debug|Any CPU.ActiveCfg = Debug|Any CPU
		{C0C8A68E-48FC-4978-8886-7B48BEED051B}.Debug|Any CPU.Build.0 = Debug|Any CPU
		{C0C8A68E-48FC-4978-8886-7B48BEED051B}.ExportDebug|Any CPU.ActiveCfg = ExportDebug|Any CPU
		{C0C8A68E-48FC-4978-8886-7B48BEED051B}.ExportDebug|Any CPU.Build.0 = ExportDebug|Any CPU
		{C0C8A68E-48FC-4978-8886-7B48BEED051B}.ExportRelease|Any CPU.ActiveCfg = ExportRelease|Any CPU
		{C0C8A68E-48FC-4978-8886-7B48BEED051B}.ExportRelease|Any CPU.Build.0 = ExportRelease|Any CPU
	EndGlobalSection
EndGlobal
