
Microsoft Visual Studio Solution File, Format Version 12.00
Project("{FAE04EC0-301F-11D3-BF4B-00C04F79EFBC}") = "EventManager.Core", "EventManager.Core\EventManager.Core.csproj", "{3181FE28-0501-4CBD-A257-1804D1773CCA}"
EndProject
Project("{FAE04EC0-301F-11D3-BF4B-00C04F79EFBC}") = "EventManager.CLI", "EventManager.CLI\EventManager.CLI.csproj", "{11965563-F20B-40B5-85F2-A2D31BD07C9F}"
EndProject
Global
	GlobalSection(SolutionConfigurationPlatforms) = preSolution
		Debug|Any CPU = Debug|Any CPU
		Release|Any CPU = Release|Any CPU
	EndGlobalSection
	GlobalSection(ProjectConfigurationPlatforms) = postSolution
		{3181FE28-0501-4CBD-A257-1804D1773CCA}.Debug|Any CPU.ActiveCfg = Debug|Any CPU
		{3181FE28-0501-4CBD-A257-1804D1773CCA}.Debug|Any CPU.Build.0 = Debug|Any CPU
		{3181FE28-0501-4CBD-A257-1804D1773CCA}.Release|Any CPU.ActiveCfg = Release|Any CPU
		{3181FE28-0501-4CBD-A257-1804D1773CCA}.Release|Any CPU.Build.0 = Release|Any CPU
		{11965563-F20B-40B5-85F2-A2D31BD07C9F}.Debug|Any CPU.ActiveCfg = Debug|Any CPU
		{11965563-F20B-40B5-85F2-A2D31BD07C9F}.Debug|Any CPU.Build.0 = Debug|Any CPU
		{11965563-F20B-40B5-85F2-A2D31BD07C9F}.Release|Any CPU.ActiveCfg = Release|Any CPU
		{11965563-F20B-40B5-85F2-A2D31BD07C9F}.Release|Any CPU.Build.0 = Release|Any CPU
	EndGlobalSection
EndGlobal
